
Microsoft Visual Studio Solution File, Format Version 12.00
# Visual Studio 15
VisualStudioVersion = 15.0.28307.572
MinimumVisualStudioVersion = 10.0.40219.1
Project("{FAE04EC0-301F-11D3-BF4B-00C04F79EFBC}") = "NetMeter", "NetMeter\NetMeter.csproj", "{A7053590-899E-4368-A489-345F07F41901}"
EndProject
Global
	GlobalSection(SolutionConfigurationPlatforms) = preSolution
		Debug|Any CPU = Debug|Any CPU
		Release|Any CPU = Release|Any CPU
	EndGlobalSection
	GlobalSection(ProjectConfigurationPlatforms) = postSolution
		{A7053590-899E-4368-A489-345F07F41901}.Debug|Any CPU.ActiveCfg = Debug|Any CPU
		{A7053590-899E-4368-A489-345F07F41901}.Debug|Any CPU.Build.0 = Debug|Any CPU
		{A7053590-899E-4368-A489-345F07F41901}.Release|Any CPU.ActiveCfg = Release|Any CPU
		{A7053590-899E-4368-A489-345F07F41901}.Release|Any CPU.Build.0 = Release|Any CPU
	EndGlobalSection
	GlobalSection(SolutionProperties) = preSolution
		HideSolutionNode = FALSE
	EndGlobalSection
	GlobalSection(ExtensibilityGlobals) = postSolution
		SolutionGuid = {6756E051-617E-4D10-A638-DF1D968E1AB8}
	EndGlobalSection
EndGlobal
